# This file was autogenerated by Stack.
# You should not edit this file by hand.
# For more information, please see the documentation at:
#   https://docs.haskellstack.org/en/stable/lock_files

packages:
- completed:
    name: sbv
    version: 8.7.5
    git: https://github.com/LeventErkok/sbv.git
    pantry-tree:
      size: 62465
      sha256: 2e0ce13335b290bc7e0c2499aaf92f7a8ca326d33694fdfa2838aa7000fdc8e8
    commit: 34d836ad2978805343f07702a2fcd6b4bfd05c1c
  original:
    git: https://github.com/LeventErkok/sbv.git
    commit: 34d836ad2978805343f07702a2fcd6b4bfd05c1c
snapshots:
- completed:
    size: 531696
    url: https://raw.githubusercontent.com/commercialhaskell/stackage-snapshots/master/lts/16/3.yaml
    sha256: 65e3a94c65ad07fa1913649e3f1e36c4af51bf528a5d9fd217bdc1b46d0477cc
  original: lts-16.3
